
Microsoft Visual Studio Solution File, Format Version 12.00
# Visual Studio Version 17
VisualStudioVersion = 17.0.31903.59
MinimumVisualStudioVersion = 10.0.40219.1
Project("{2150E333-8FDC-42A3-9474-1A3956D46DE8}") = "src", "src", "{3C03932F-7689-470A-86F9-6963EA42DD27}"
EndProject
Project("{2150E333-8FDC-42A3-9474-1A3956D46DE8}") = "Shared", "Shared", "{7BC0D54F-A881-4D4A-AA89-B3B0B5AD20EE}"
EndProject
Project("{FAE04EC0-301F-11D3-BF4B-00C04F79EFBC}") = "Contracts", "src\Shared\Contracts\Contracts.csproj", "{0C0BF496-5BCF-4B2C-BE22-00BBBEC8FE24}"
EndProject
Project("{2150E333-8FDC-42A3-9474-1A3956D46DE8}") = "ProductService", "ProductService", "{A694A6DA-6CEE-4026-91A8-D43F2F600024}"
EndProject
Project("{FAE04EC0-301F-11D3-BF4B-00C04F79EFBC}") = "ProductService.API", "src\ProductService\ProductService.API\ProductService.API.csproj", "{5A614855-131A-4406-B8C2-7C425AD7DAB6}"
EndProject
Project("{FAE04EC0-301F-11D3-BF4B-00C04F79EFBC}") = "ProductService.Application", "src\ProductService\ProductService.Application\ProductService.Application.csproj", "{73EAE45D-1679-4231-8241-899A6E2DD8EE}"
EndProject
Project("{FAE04EC0-301F-11D3-BF4B-00C04F79EFBC}") = "ProductService.Domain", "src\ProductService\ProductService.Domain\ProductService.Domain.csproj", "{FFB3CBE3-B1D9-4233-BEDE-0E43221AFEE0}"
EndProject
Project("{FAE04EC0-301F-11D3-BF4B-00C04F79EFBC}") = "ProductService.Infrastructure", "src\ProductService\ProductService.Infrastructure\ProductService.Infrastructure.csproj", "{C1C9C430-7785-4488-8F86-0480428552E0}"
EndProject
Project("{2150E333-8FDC-42A3-9474-1A3956D46DE8}") = "Stock", "Stock", "{647C0EF1-FD0C-4192-B267-9ED52ABA1CF3}"
EndProject
Project("{FAE04EC0-301F-11D3-BF4B-00C04F79EFBC}") = "Stock.API", "src\Stock\Stock.API\Stock.API.csproj", "{046FA0D6-82F7-4D58-9E16-7FBE5CD56102}"
EndProject
Project("{FAE04EC0-301F-11D3-BF4B-00C04F79EFBC}") = "Stock.Application", "src\Stock\Stock.Application\Stock.Application.csproj", "{76CBE8D8-7EE3-4090-B620-4DC1BC99393A}"
EndProject
Project("{FAE04EC0-301F-11D3-BF4B-00C04F79EFBC}") = "Stock.Domain", "src\Stock\Stock.Domain\Stock.Domain.csproj", "{E17AA046-DBD8-40E7-BB76-989DB7739754}"
EndProject
Project("{FAE04EC0-301F-11D3-BF4B-00C04F79EFBC}") = "Stock.Infrastructure", "src\Stock\Stock.Infrastructure\Stock.Infrastructure.csproj", "{2668F67C-16A4-4C88-AB3E-42AC18736B57}"
EndProject
Project("{2150E333-8FDC-42A3-9474-1A3956D46DE8}") = "tests", "tests", "{492188FF-2ACA-47D6-961B-C2E91927FC20}"
EndProject
Project("{FAE04EC0-301F-11D3-BF4B-00C04F79EFBC}") = "ProductService.IntegrationTests", "tests\ProductService.IntegrationTests\ProductService.IntegrationTests.csproj", "{7CBD88F4-7534-40F1-B5A8-C5A4DB4D7137}"
EndProject
Project("{FAE04EC0-301F-11D3-BF4B-00C04F79EFBC}") = "Stock.IntegrationTests", "tests\Stock.IntegrationTests\Stock.IntegrationTests.csproj", "{F526E141-7398-4710-B8BE-7525BABF1845}"
EndProject
Project("{FAE04EC0-301F-11D3-BF4B-00C04F79EFBC}") = "E2E.Tests", "tests\E2E.Tests\E2E.Tests.csproj", "{92C32473-80DB-46B3-AD5F-29A9F374E8C7}"
EndProject
Project("{FAE04EC0-301F-11D3-BF4B-00C04F79EFBC}") = "Infrastructure", "src\Shared\Infrastructure\Infrastructure.csproj", "{324D2A10-60F7-452F-8CB3-EB3871064F30}"
EndProject
Project("{FAE04EC0-301F-11D3-BF4B-00C04F79EFBC}") = "Abstractions", "src\Shared\Abstractions\Abstractions.csproj", "{F74B5179-4C0A-4075-85E8-8FA209431947}"
EndProject
Global
	GlobalSection(SolutionConfigurationPlatforms) = preSolution
		Debug|Any CPU = Debug|Any CPU
		Release|Any CPU = Release|Any CPU
	EndGlobalSection
	GlobalSection(SolutionProperties) = preSolution
		HideSolutionNode = FALSE
	EndGlobalSection
	GlobalSection(ProjectConfigurationPlatforms) = postSolution
		{0C0BF496-5BCF-4B2C-BE22-00BBBEC8FE24}.Debug|Any CPU.ActiveCfg = Debug|Any CPU
		{0C0BF496-5BCF-4B2C-BE22-00BBBEC8FE24}.Debug|Any CPU.Build.0 = Debug|Any CPU
		{0C0BF496-5BCF-4B2C-BE22-00BBBEC8FE24}.Release|Any CPU.ActiveCfg = Release|Any CPU
		{0C0BF496-5BCF-4B2C-BE22-00BBBEC8FE24}.Release|Any CPU.Build.0 = Release|Any CPU
		{5A614855-131A-4406-B8C2-7C425AD7DAB6}.Debug|Any CPU.ActiveCfg = Debug|Any CPU
		{5A614855-131A-4406-B8C2-7C425AD7DAB6}.Debug|Any CPU.Build.0 = Debug|Any CPU
		{5A614855-131A-4406-B8C2-7C425AD7DAB6}.Release|Any CPU.ActiveCfg = Release|Any CPU
		{5A614855-131A-4406-B8C2-7C425AD7DAB6}.Release|Any CPU.Build.0 = Release|Any CPU
		{73EAE45D-1679-4231-8241-899A6E2DD8EE}.Debug|Any CPU.ActiveCfg = Debug|Any CPU
		{73EAE45D-1679-4231-8241-899A6E2DD8EE}.Debug|Any CPU.Build.0 = Debug|Any CPU
		{73EAE45D-1679-4231-8241-899A6E2DD8EE}.Release|Any CPU.ActiveCfg = Release|Any CPU
		{73EAE45D-1679-4231-8241-899A6E2DD8EE}.Release|Any CPU.Build.0 = Release|Any CPU
		{FFB3CBE3-B1D9-4233-BEDE-0E43221AFEE0}.Debug|Any CPU.ActiveCfg = Debug|Any CPU
		{FFB3CBE3-B1D9-4233-BEDE-0E43221AFEE0}.Debug|Any CPU.Build.0 = Debug|Any CPU
		{FFB3CBE3-B1D9-4233-BEDE-0E43221AFEE0}.Release|Any CPU.ActiveCfg = Release|Any CPU
		{FFB3CBE3-B1D9-4233-BEDE-0E43221AFEE0}.Release|Any CPU.Build.0 = Release|Any CPU
		{C1C9C430-7785-4488-8F86-0480428552E0}.Debug|Any CPU.ActiveCfg = Debug|Any CPU
		{C1C9C430-7785-4488-8F86-0480428552E0}.Debug|Any CPU.Build.0 = Debug|Any CPU
		{C1C9C430-7785-4488-8F86-0480428552E0}.Release|Any CPU.ActiveCfg = Release|Any CPU
		{C1C9C430-7785-4488-8F86-0480428552E0}.Release|Any CPU.Build.0 = Release|Any CPU
		{046FA0D6-82F7-4D58-9E16-7FBE5CD56102}.Debug|Any CPU.ActiveCfg = Debug|Any CPU
		{046FA0D6-82F7-4D58-9E16-7FBE5CD56102}.Debug|Any CPU.Build.0 = Debug|Any CPU
		{046FA0D6-82F7-4D58-9E16-7FBE5CD56102}.Release|Any CPU.ActiveCfg = Release|Any CPU
		{046FA0D6-82F7-4D58-9E16-7FBE5CD56102}.Release|Any CPU.Build.0 = Release|Any CPU
		{76CBE8D8-7EE3-4090-B620-4DC1BC99393A}.Debug|Any CPU.ActiveCfg = Debug|Any CPU
		{76CBE8D8-7EE3-4090-B620-4DC1BC99393A}.Debug|Any CPU.Build.0 = Debug|Any CPU
		{76CBE8D8-7EE3-4090-B620-4DC1BC99393A}.Release|Any CPU.ActiveCfg = Release|Any CPU
		{76CBE8D8-7EE3-4090-B620-4DC1BC99393A}.Release|Any CPU.Build.0 = Release|Any CPU
		{E17AA046-DBD8-40E7-BB76-989DB7739754}.Debug|Any CPU.ActiveCfg = Debug|Any CPU
		{E17AA046-DBD8-40E7-BB76-989DB7739754}.Debug|Any CPU.Build.0 = Debug|Any CPU
		{E17AA046-DBD8-40E7-BB76-989DB7739754}.Release|Any CPU.ActiveCfg = Release|Any CPU
		{E17AA046-DBD8-40E7-BB76-989DB7739754}.Release|Any CPU.Build.0 = Release|Any CPU
		{2668F67C-16A4-4C88-AB3E-42AC18736B57}.Debug|Any CPU.ActiveCfg = Debug|Any CPU
		{2668F67C-16A4-4C88-AB3E-42AC18736B57}.Debug|Any CPU.Build.0 = Debug|Any CPU
		{2668F67C-16A4-4C88-AB3E-42AC18736B57}.Release|Any CPU.ActiveCfg = Release|Any CPU
		{2668F67C-16A4-4C88-AB3E-42AC18736B57}.Release|Any CPU.Build.0 = Release|Any CPU
		{7CBD88F4-7534-40F1-B5A8-C5A4DB4D7137}.Debug|Any CPU.ActiveCfg = Debug|Any CPU
		{7CBD88F4-7534-40F1-B5A8-C5A4DB4D7137}.Debug|Any CPU.Build.0 = Debug|Any CPU
		{7CBD88F4-7534-40F1-B5A8-C5A4DB4D7137}.Release|Any CPU.ActiveCfg = Release|Any CPU
		{7CBD88F4-7534-40F1-B5A8-C5A4DB4D7137}.Release|Any CPU.Build.0 = Release|Any CPU
		{F526E141-7398-4710-B8BE-7525BABF1845}.Debug|Any CPU.ActiveCfg = Debug|Any CPU
		{F526E141-7398-4710-B8BE-7525BABF1845}.Debug|Any CPU.Build.0 = Debug|Any CPU
		{F526E141-7398-4710-B8BE-7525BABF1845}.Release|Any CPU.ActiveCfg = Release|Any CPU
		{F526E141-7398-4710-B8BE-7525BABF1845}.Release|Any CPU.Build.0 = Release|Any CPU
		{92C32473-80DB-46B3-AD5F-29A9F374E8C7}.Debug|Any CPU.ActiveCfg = Debug|Any CPU
		{92C32473-80DB-46B3-AD5F-29A9F374E8C7}.Debug|Any CPU.Build.0 = Debug|Any CPU
		{92C32473-80DB-46B3-AD5F-29A9F374E8C7}.Release|Any CPU.ActiveCfg = Release|Any CPU
		{92C32473-80DB-46B3-AD5F-29A9F374E8C7}.Release|Any CPU.Build.0 = Release|Any CPU
		{324D2A10-60F7-452F-8CB3-EB3871064F30}.Debug|Any CPU.ActiveCfg = Debug|Any CPU
		{324D2A10-60F7-452F-8CB3-EB3871064F30}.Debug|Any CPU.Build.0 = Debug|Any CPU
		{324D2A10-60F7-452F-8CB3-EB3871064F30}.Release|Any CPU.ActiveCfg = Release|Any CPU
		{324D2A10-60F7-452F-8CB3-EB3871064F30}.Release|Any CPU.Build.0 = Release|Any CPU
		{F74B5179-4C0A-4075-85E8-8FA209431947}.Debug|Any CPU.ActiveCfg = Debug|Any CPU
		{F74B5179-4C0A-4075-85E8-8FA209431947}.Debug|Any CPU.Build.0 = Debug|Any CPU
		{F74B5179-4C0A-4075-85E8-8FA209431947}.Release|Any CPU.ActiveCfg = Release|Any CPU
		{F74B5179-4C0A-4075-85E8-8FA209431947}.Release|Any CPU.Build.0 = Release|Any CPU
	EndGlobalSection
	GlobalSection(NestedProjects) = preSolution
		{7BC0D54F-A881-4D4A-AA89-B3B0B5AD20EE} = {3C03932F-7689-470A-86F9-6963EA42DD27}
		{0C0BF496-5BCF-4B2C-BE22-00BBBEC8FE24} = {7BC0D54F-A881-4D4A-AA89-B3B0B5AD20EE}
		{A694A6DA-6CEE-4026-91A8-D43F2F600024} = {3C03932F-7689-470A-86F9-6963EA42DD27}
		{5A614855-131A-4406-B8C2-7C425AD7DAB6} = {A694A6DA-6CEE-4026-91A8-D43F2F600024}
		{73EAE45D-1679-4231-8241-899A6E2DD8EE} = {A694A6DA-6CEE-4026-91A8-D43F2F600024}
		{FFB3CBE3-B1D9-4233-BEDE-0E43221AFEE0} = {A694A6DA-6CEE-4026-91A8-D43F2F600024}
		{C1C9C430-7785-4488-8F86-0480428552E0} = {A694A6DA-6CEE-4026-91A8-D43F2F600024}
		{647C0EF1-FD0C-4192-B267-9ED52ABA1CF3} = {3C03932F-7689-470A-86F9-6963EA42DD27}
		{046FA0D6-82F7-4D58-9E16-7FBE5CD56102} = {647C0EF1-FD0C-4192-B267-9ED52ABA1CF3}
		{76CBE8D8-7EE3-4090-B620-4DC1BC99393A} = {647C0EF1-FD0C-4192-B267-9ED52ABA1CF3}
		{E17AA046-DBD8-40E7-BB76-989DB7739754} = {647C0EF1-FD0C-4192-B267-9ED52ABA1CF3}
		{2668F67C-16A4-4C88-AB3E-42AC18736B57} = {647C0EF1-FD0C-4192-B267-9ED52ABA1CF3}
		{7CBD88F4-7534-40F1-B5A8-C5A4DB4D7137} = {492188FF-2ACA-47D6-961B-C2E91927FC20}
		{F526E141-7398-4710-B8BE-7525BABF1845} = {492188FF-2ACA-47D6-961B-C2E91927FC20}
		{92C32473-80DB-46B3-AD5F-29A9F374E8C7} = {492188FF-2ACA-47D6-961B-C2E91927FC20}
		{324D2A10-60F7-452F-8CB3-EB3871064F30} = {7BC0D54F-A881-4D4A-AA89-B3B0B5AD20EE}
		{F74B5179-4C0A-4075-85E8-8FA209431947} = {7BC0D54F-A881-4D4A-AA89-B3B0B5AD20EE}
	EndGlobalSection
EndGlobal
